
Microsoft Visual Studio Solution File, Format Version 12.00
# Visual Studio 15
VisualStudioVersion = 15.0.27703.2047
MinimumVisualStudioVersion = 10.0.40219.1
Project("{9A19103F-16F7-4668-BE54-9A1E7A4F7556}") = "MDN.Empresas.Api", "MDN.Empresas.Api\MDN.Empresas.Api.csproj", "{278621CE-937E-49F1-B130-2D008B8B408A}"
EndProject
Project("{2150E333-8FDC-42A3-9474-1A3956D46DE8}") = "Api", "Api", "{40173963-C9B7-4BAD-9D23-5CD82530CB15}"
EndProject
Project("{2150E333-8FDC-42A3-9474-1A3956D46DE8}") = "ApiGateWays", "ApiGateWays", "{1BDF2E64-E30F-411C-AD83-34697762B7D5}"
EndProject
Project("{2150E333-8FDC-42A3-9474-1A3956D46DE8}") = "Backend", "Backend", "{6EF85051-EB88-449E-9416-5F2D94F26E05}"
EndProject
Project("{FAE04EC0-301F-11D3-BF4B-00C04F79EFBC}") = "MDN.Dotacion.Api", "MDN.Dotacion.Api\MDN.Dotacion.Api.csproj", "{7716F767-551B-4D4C-A46B-8E56EBFA038D}"
EndProject
Global
	GlobalSection(SolutionConfigurationPlatforms) = preSolution
		Debug|Any CPU = Debug|Any CPU
		Release|Any CPU = Release|Any CPU
	EndGlobalSection
	GlobalSection(ProjectConfigurationPlatforms) = postSolution
		{278621CE-937E-49F1-B130-2D008B8B408A}.Debug|Any CPU.ActiveCfg = Debug|Any CPU
		{278621CE-937E-49F1-B130-2D008B8B408A}.Debug|Any CPU.Build.0 = Debug|Any CPU
		{278621CE-937E-49F1-B130-2D008B8B408A}.Release|Any CPU.ActiveCfg = Release|Any CPU
		{278621CE-937E-49F1-B130-2D008B8B408A}.Release|Any CPU.Build.0 = Release|Any CPU
		{7716F767-551B-4D4C-A46B-8E56EBFA038D}.Debug|Any CPU.ActiveCfg = Debug|Any CPU
		{7716F767-551B-4D4C-A46B-8E56EBFA038D}.Debug|Any CPU.Build.0 = Debug|Any CPU
		{7716F767-551B-4D4C-A46B-8E56EBFA038D}.Release|Any CPU.ActiveCfg = Release|Any CPU
		{7716F767-551B-4D4C-A46B-8E56EBFA038D}.Release|Any CPU.Build.0 = Release|Any CPU
	EndGlobalSection
	GlobalSection(SolutionProperties) = preSolution
		HideSolutionNode = FALSE
	EndGlobalSection
	GlobalSection(NestedProjects) = preSolution
		{278621CE-937E-49F1-B130-2D008B8B408A} = {40173963-C9B7-4BAD-9D23-5CD82530CB15}
		{40173963-C9B7-4BAD-9D23-5CD82530CB15} = {6EF85051-EB88-449E-9416-5F2D94F26E05}
		{1BDF2E64-E30F-411C-AD83-34697762B7D5} = {6EF85051-EB88-449E-9416-5F2D94F26E05}
		{7716F767-551B-4D4C-A46B-8E56EBFA038D} = {40173963-C9B7-4BAD-9D23-5CD82530CB15}
	EndGlobalSection
	GlobalSection(ExtensibilityGlobals) = postSolution
		SolutionGuid = {35E4D929-B802-46D0-A33B-C5B774A20865}
	EndGlobalSection
EndGlobal
